
Microsoft Visual Studio Solution File, Format Version 12.00
# Visual Studio 15
VisualStudioVersion = 15.0.28010.2003
MinimumVisualStudioVersion = 10.0.40219.1
Project("{FAE04EC0-301F-11D3-BF4B-00C04F79EFBC}") = "App01_ConsultarCEP.Android", "App01_ConsultarCEP\App01_ConsultarCEP.Android\App01_ConsultarCEP.Android.csproj", "{FCFD518E-9DCD-47E6-941D-FACA99B56F11}"
EndProject
Project("{FAE04EC0-301F-11D3-BF4B-00C04F79EFBC}") = "App01_ConsultarCEP.iOS", "App01_ConsultarCEP\App01_ConsultarCEP.iOS\App01_ConsultarCEP.iOS.csproj", "{C82C68D6-BABE-4E75-A621-4DF4B531E7C1}"
EndProject
Project("{FAE04EC0-301F-11D3-BF4B-00C04F79EFBC}") = "App01_ConsultarCEP.UWP", "App01_ConsultarCEP\App01_ConsultarCEP.UWP\App01_ConsultarCEP.UWP.csproj", "{7AADB787-1E34-4976-9F1D-1107E47D87F1}"
EndProject
Project("{FAE04EC0-301F-11D3-BF4B-00C04F79EFBC}") = "App01_ConsultarCEP", "App01_ConsultarCEP\App01_ConsultarCEP\App01_ConsultarCEP.csproj", "{D49E0125-42F9-45B5-9091-8E3BA98B98DC}"
EndProject
Project("{2150E333-8FDC-42A3-9474-1A3956D46DE8}") = "0 - Presentation", "0 - Presentation", "{BAD36272-3309-4942-85F2-388AEECE1483}"
EndProject
Project("{2150E333-8FDC-42A3-9474-1A3956D46DE8}") = "1 - Domain", "1 - Domain", "{274BEABA-5093-45E3-89F4-13331F6F416C}"
EndProject
Project("{2150E333-8FDC-42A3-9474-1A3956D46DE8}") = "2 - Services", "2 - Services", "{979AB480-3904-4602-A2D7-DA59461CCD0E}"
EndProject
Global
	GlobalSection(SolutionConfigurationPlatforms) = preSolution
		Ad-Hoc|Any CPU = Ad-Hoc|Any CPU
		Ad-Hoc|ARM = Ad-Hoc|ARM
		Ad-Hoc|iPhone = Ad-Hoc|iPhone
		Ad-Hoc|iPhoneSimulator = Ad-Hoc|iPhoneSimulator
		Ad-Hoc|x64 = Ad-Hoc|x64
		Ad-Hoc|x86 = Ad-Hoc|x86
		AppStore|Any CPU = AppStore|Any CPU
		AppStore|ARM = AppStore|ARM
		AppStore|iPhone = AppStore|iPhone
		AppStore|iPhoneSimulator = AppStore|iPhoneSimulator
		AppStore|x64 = AppStore|x64
		AppStore|x86 = AppStore|x86
		Debug|Any CPU = Debug|Any CPU
		Debug|ARM = Debug|ARM
		Debug|iPhone = Debug|iPhone
		Debug|iPhoneSimulator = Debug|iPhoneSimulator
		Debug|x64 = Debug|x64
		Debug|x86 = Debug|x86
		Release|Any CPU = Release|Any CPU
		Release|ARM = Release|ARM
		Release|iPhone = Release|iPhone
		Release|iPhoneSimulator = Release|iPhoneSimulator
		Release|x64 = Release|x64
		Release|x86 = Release|x86
	EndGlobalSection
	GlobalSection(ProjectConfigurationPlatforms) = postSolution
		{FCFD518E-9DCD-47E6-941D-FACA99B56F11}.Ad-Hoc|Any CPU.ActiveCfg = Release|Any CPU
		{FCFD518E-9DCD-47E6-941D-FACA99B56F11}.Ad-Hoc|Any CPU.Build.0 = Release|Any CPU
		{FCFD518E-9DCD-47E6-941D-FACA99B56F11}.Ad-Hoc|Any CPU.Deploy.0 = Release|Any CPU
		{FCFD518E-9DCD-47E6-941D-FACA99B56F11}.Ad-Hoc|ARM.ActiveCfg = Release|Any CPU
		{FCFD518E-9DCD-47E6-941D-FACA99B56F11}.Ad-Hoc|ARM.Build.0 = Release|Any CPU
		{FCFD518E-9DCD-47E6-941D-FACA99B56F11}.Ad-Hoc|ARM.Deploy.0 = Release|Any CPU
		{FCFD518E-9DCD-47E6-941D-FACA99B56F11}.Ad-Hoc|iPhone.ActiveCfg = Release|Any CPU
		{FCFD518E-9DCD-47E6-941D-FACA99B56F11}.Ad-Hoc|iPhone.Build.0 = Release|Any CPU
		{FCFD518E-9DCD-47E6-941D-FACA99B56F11}.Ad-Hoc|iPhone.Deploy.0 = Release|Any CPU
		{FCFD518E-9DCD-47E6-941D-FACA99B56F11}.Ad-Hoc|iPhoneSimulator.ActiveCfg = Release|Any CPU
		{FCFD518E-9DCD-47E6-941D-FACA99B56F11}.Ad-Hoc|iPhoneSimulator.Build.0 = Release|Any CPU
		{FCFD518E-9DCD-47E6-941D-FACA99B56F11}.Ad-Hoc|iPhoneSimulator.Deploy.0 = Release|Any CPU
		{FCFD518E-9DCD-47E6-941D-FACA99B56F11}.Ad-Hoc|x64.ActiveCfg = Release|Any CPU
		{FCFD518E-9DCD-47E6-941D-FACA99B56F11}.Ad-Hoc|x64.Build.0 = Release|Any CPU
		{FCFD518E-9DCD-47E6-941D-FACA99B56F11}.Ad-Hoc|x64.Deploy.0 = Release|Any CPU
		{FCFD518E-9DCD-47E6-941D-FACA99B56F11}.Ad-Hoc|x86.ActiveCfg = Release|Any CPU
		{FCFD518E-9DCD-47E6-941D-FACA99B56F11}.Ad-Hoc|x86.Build.0 = Release|Any CPU
		{FCFD518E-9DCD-47E6-941D-FACA99B56F11}.Ad-Hoc|x86.Deploy.0 = Release|Any CPU
		{FCFD518E-9DCD-47E6-941D-FACA99B56F11}.AppStore|Any CPU.ActiveCfg = Release|Any CPU
		{FCFD518E-9DCD-47E6-941D-FACA99B56F11}.AppStore|Any CPU.Build.0 = Release|Any CPU
		{FCFD518E-9DCD-47E6-941D-FACA99B56F11}.AppStore|Any CPU.Deploy.0 = Release|Any CPU
		{FCFD518E-9DCD-47E6-941D-FACA99B56F11}.AppStore|ARM.ActiveCfg = Release|Any CPU
		{FCFD518E-9DCD-47E6-941D-FACA99B56F11}.AppStore|ARM.Build.0 = Release|Any CPU
		{FCFD518E-9DCD-47E6-941D-FACA99B56F11}.AppStore|ARM.Deploy.0 = Release|Any CPU
		{FCFD518E-9DCD-47E6-941D-FACA99B56F11}.AppStore|iPhone.ActiveCfg = Release|Any CPU
		{FCFD518E-9DCD-47E6-941D-FACA99B56F11}.AppStore|iPhone.Build.0 = Release|Any CPU
		{FCFD518E-9DCD-47E6-941D-FACA99B56F11}.AppStore|iPhone.Deploy.0 = Release|Any CPU
		{FCFD518E-9DCD-47E6-941D-FACA99B56F11}.AppStore|iPhoneSimulator.ActiveCfg = Release|Any CPU
		{FCFD518E-9DCD-47E6-941D-FACA99B56F11}.AppStore|iPhoneSimulator.Build.0 = Release|Any CPU
		{FCFD518E-9DCD-47E6-941D-FACA99B56F11}.AppStore|iPhoneSimulator.Deploy.0 = Release|Any CPU
		{FCFD518E-9DCD-47E6-941D-FACA99B56F11}.AppStore|x64.ActiveCfg = Release|Any CPU
		{FCFD518E-9DCD-47E6-941D-FACA99B56F11}.AppStore|x64.Build.0 = Release|Any CPU
		{FCFD518E-9DCD-47E6-941D-FACA99B56F11}.AppStore|x64.Deploy.0 = Release|Any CPU
		{FCFD518E-9DCD-47E6-941D-FACA99B56F11}.AppStore|x86.ActiveCfg = Release|Any CPU
		{FCFD518E-9DCD-47E6-941D-FACA99B56F11}.AppStore|x86.Build.0 = Release|Any CPU
		{FCFD518E-9DCD-47E6-941D-FACA99B56F11}.AppStore|x86.Deploy.0 = Release|Any CPU
		{FCFD518E-9DCD-47E6-941D-FACA99B56F11}.Debug|Any CPU.ActiveCfg = Debug|Any CPU
		{FCFD518E-9DCD-47E6-941D-FACA99B56F11}.Debug|Any CPU.Build.0 = Debug|Any CPU
		{FCFD518E-9DCD-47E6-941D-FACA99B56F11}.Debug|Any CPU.Deploy.0 = Debug|Any CPU
		{FCFD518E-9DCD-47E6-941D-FACA99B56F11}.Debug|ARM.ActiveCfg = Debug|Any CPU
		{FCFD518E-9DCD-47E6-941D-FACA99B56F11}.Debug|ARM.Build.0 = Debug|Any CPU
		{FCFD518E-9DCD-47E6-941D-FACA99B56F11}.Debug|ARM.Deploy.0 = Debug|Any CPU
		{FCFD518E-9DCD-47E6-941D-FACA99B56F11}.Debug|iPhone.ActiveCfg = Debug|Any CPU
		{FCFD518E-9DCD-47E6-941D-FACA99B56F11}.Debug|iPhone.Build.0 = Debug|Any CPU
		{FCFD518E-9DCD-47E6-941D-FACA99B56F11}.Debug|iPhone.Deploy.0 = Debug|Any CPU
		{FCFD518E-9DCD-47E6-941D-FACA99B56F11}.Debug|iPhoneSimulator.ActiveCfg = Debug|Any CPU
		{FCFD518E-9DCD-47E6-941D-FACA99B56F11}.Debug|iPhoneSimulator.Build.0 = Debug|Any CPU
		{FCFD518E-9DCD-47E6-941D-FACA99B56F11}.Debug|iPhoneSimulator.Deploy.0 = Debug|Any CPU
		{FCFD518E-9DCD-47E6-941D-FACA99B56F11}.Debug|x64.ActiveCfg = Debug|Any CPU
		{FCFD518E-9DCD-47E6-941D-FACA99B56F11}.Debug|x64.Build.0 = Debug|Any CPU
		{FCFD518E-9DCD-47E6-941D-FACA99B56F11}.Debug|x64.Deploy.0 = Debug|Any CPU
		{FCFD518E-9DCD-47E6-941D-FACA99B56F11}.Debug|x86.ActiveCfg = Debug|Any CPU
		{FCFD518E-9DCD-47E6-941D-FACA99B56F11}.Debug|x86.Build.0 = Debug|Any CPU
		{FCFD518E-9DCD-47E6-941D-FACA99B56F11}.Debug|x86.Deploy.0 = Debug|Any CPU
		{FCFD518E-9DCD-47E6-941D-FACA99B56F11}.Release|Any CPU.ActiveCfg = Release|Any CPU
		{FCFD518E-9DCD-47E6-941D-FACA99B56F11}.Release|Any CPU.Build.0 = Release|Any CPU
		{FCFD518E-9DCD-47E6-941D-FACA99B56F11}.Release|Any CPU.Deploy.0 = Release|Any CPU
		{FCFD518E-9DCD-47E6-941D-FACA99B56F11}.Release|ARM.ActiveCfg = Release|Any CPU
		{FCFD518E-9DCD-47E6-941D-FACA99B56F11}.Release|ARM.Build.0 = Release|Any CPU
		{FCFD518E-9DCD-47E6-941D-FACA99B56F11}.Release|ARM.Deploy.0 = Release|Any CPU
		{FCFD518E-9DCD-47E6-941D-FACA99B56F11}.Release|iPhone.ActiveCfg = Release|Any CPU
		{FCFD518E-9DCD-47E6-941D-FACA99B56F11}.Release|iPhone.Build.0 = Release|Any CPU
		{FCFD518E-9DCD-47E6-941D-FACA99B56F11}.Release|iPhone.Deploy.0 = Release|Any CPU
		{FCFD518E-9DCD-47E6-941D-FACA99B56F11}.Release|iPhoneSimulator.ActiveCfg = Release|Any CPU
		{FCFD518E-9DCD-47E6-941D-FACA99B56F11}.Release|iPhoneSimulator.Build.0 = Release|Any CPU
		{FCFD518E-9DCD-47E6-941D-FACA99B56F11}.Release|iPhoneSimulator.Deploy.0 = Release|Any CPU
		{FCFD518E-9DCD-47E6-941D-FACA99B56F11}.Release|x64.ActiveCfg = Release|Any CPU
		{FCFD518E-9DCD-47E6-941D-FACA99B56F11}.Release|x64.Build.0 = Release|Any CPU
		{FCFD518E-9DCD-47E6-941D-FACA99B56F11}.Release|x64.Deploy.0 = Release|Any CPU
		{FCFD518E-9DCD-47E6-941D-FACA99B56F11}.Release|x86.ActiveCfg = Release|Any CPU
		{FCFD518E-9DCD-47E6-941D-FACA99B56F11}.Release|x86.Build.0 = Release|Any CPU
		{FCFD518E-9DCD-47E6-941D-FACA99B56F11}.Release|x86.Deploy.0 = Release|Any CPU
		{C82C68D6-BABE-4E75-A621-4DF4B531E7C1}.Ad-Hoc|Any CPU.ActiveCfg = Ad-Hoc|iPhone
		{C82C68D6-BABE-4E75-A621-4DF4B531E7C1}.Ad-Hoc|Any CPU.Build.0 = Ad-Hoc|iPhone
		{C82C68D6-BABE-4E75-A621-4DF4B531E7C1}.Ad-Hoc|Any CPU.Deploy.0 = Ad-Hoc|iPhone
		{C82C68D6-BABE-4E75-A621-4DF4B531E7C1}.Ad-Hoc|ARM.ActiveCfg = Ad-Hoc|iPhone
		{C82C68D6-BABE-4E75-A621-4DF4B531E7C1}.Ad-Hoc|ARM.Build.0 = Ad-Hoc|iPhone
		{C82C68D6-BABE-4E75-A621-4DF4B531E7C1}.Ad-Hoc|ARM.Deploy.0 = Ad-Hoc|iPhone
		{C82C68D6-BABE-4E75-A621-4DF4B531E7C1}.Ad-Hoc|iPhone.ActiveCfg = Ad-Hoc|iPhone
		{C82C68D6-BABE-4E75-A621-4DF4B531E7C1}.Ad-Hoc|iPhone.Build.0 = Ad-Hoc|iPhone
		{C82C68D6-BABE-4E75-A621-4DF4B531E7C1}.Ad-Hoc|iPhone.Deploy.0 = Ad-Hoc|iPhone
		{C82C68D6-BABE-4E75-A621-4DF4B531E7C1}.Ad-Hoc|iPhoneSimulator.ActiveCfg = Ad-Hoc|iPhoneSimulator
		{C82C68D6-BABE-4E75-A621-4DF4B531E7C1}.Ad-Hoc|iPhoneSimulator.Build.0 = Ad-Hoc|iPhoneSimulator
		{C82C68D6-BABE-4E75-A621-4DF4B531E7C1}.Ad-Hoc|iPhoneSimulator.Deploy.0 = Ad-Hoc|iPhoneSimulator
		{C82C68D6-BABE-4E75-A621-4DF4B531E7C1}.Ad-Hoc|x64.ActiveCfg = Ad-Hoc|iPhone
		{C82C68D6-BABE-4E75-A621-4DF4B531E7C1}.Ad-Hoc|x64.Build.0 = Ad-Hoc|iPhone
		{C82C68D6-BABE-4E75-A621-4DF4B531E7C1}.Ad-Hoc|x64.Deploy.0 = Ad-Hoc|iPhone
		{C82C68D6-BABE-4E75-A621-4DF4B531E7C1}.Ad-Hoc|x86.ActiveCfg = Ad-Hoc|iPhone
		{C82C68D6-BABE-4E75-A621-4DF4B531E7C1}.Ad-Hoc|x86.Build.0 = Ad-Hoc|iPhone
		{C82C68D6-BABE-4E75-A621-4DF4B531E7C1}.Ad-Hoc|x86.Deploy.0 = Ad-Hoc|iPhone
		{C82C68D6-BABE-4E75-A621-4DF4B531E7C1}.AppStore|Any CPU.ActiveCfg = AppStore|iPhone
		{C82C68D6-BABE-4E75-A621-4DF4B531E7C1}.AppStore|Any CPU.Build.0 = AppStore|iPhone
		{C82C68D6-BABE-4E75-A621-4DF4B531E7C1}.AppStore|Any CPU.Deploy.0 = AppStore|iPhone
		{C82C68D6-BABE-4E75-A621-4DF4B531E7C1}.AppStore|ARM.ActiveCfg = AppStore|iPhone
		{C82C68D6-BABE-4E75-A621-4DF4B531E7C1}.AppStore|ARM.Build.0 = AppStore|iPhone
		{C82C68D6-BABE-4E75-A621-4DF4B531E7C1}.AppStore|ARM.Deploy.0 = AppStore|iPhone
		{C82C68D6-BABE-4E75-A621-4DF4B531E7C1}.AppStore|iPhone.ActiveCfg = AppStore|iPhone
		{C82C68D6-BABE-4E75-A621-4DF4B531E7C1}.AppStore|iPhone.Build.0 = AppStore|iPhone
		{C82C68D6-BABE-4E75-A621-4DF4B531E7C1}.AppStore|iPhone.Deploy.0 = AppStore|iPhone
		{C82C68D6-BABE-4E75-A621-4DF4B531E7C1}.AppStore|iPhoneSimulator.ActiveCfg = AppStore|iPhoneSimulator
		{C82C68D6-BABE-4E75-A621-4DF4B531E7C1}.AppStore|iPhoneSimulator.Build.0 = AppStore|iPhoneSimulator
		{C82C68D6-BABE-4E75-A621-4DF4B531E7C1}.AppStore|iPhoneSimulator.Deploy.0 = AppStore|iPhoneSimulator
		{C82C68D6-BABE-4E75-A621-4DF4B531E7C1}.AppStore|x64.ActiveCfg = AppStore|iPhone
		{C82C68D6-BABE-4E75-A621-4DF4B531E7C1}.AppStore|x64.Build.0 = AppStore|iPhone
		{C82C68D6-BABE-4E75-A621-4DF4B531E7C1}.AppStore|x64.Deploy.0 = AppStore|iPhone
		{C82C68D6-BABE-4E75-A621-4DF4B531E7C1}.AppStore|x86.ActiveCfg = AppStore|iPhone
		{C82C68D6-BABE-4E75-A621-4DF4B531E7C1}.AppStore|x86.Build.0 = AppStore|iPhone
		{C82C68D6-BABE-4E75-A621-4DF4B531E7C1}.AppStore|x86.Deploy.0 = AppStore|iPhone
		{C82C68D6-BABE-4E75-A621-4DF4B531E7C1}.Debug|Any CPU.ActiveCfg = Debug|iPhoneSimulator
		{C82C68D6-BABE-4E75-A621-4DF4B531E7C1}.Debug|Any CPU.Build.0 = Debug|iPhoneSimulator
		{C82C68D6-BABE-4E75-A621-4DF4B531E7C1}.Debug|Any CPU.Deploy.0 = Debug|iPhoneSimulator
		{C82C68D6-BABE-4E75-A621-4DF4B531E7C1}.Debug|ARM.ActiveCfg = Debug|iPhone
		{C82C68D6-BABE-4E75-A621-4DF4B531E7C1}.Debug|ARM.Build.0 = Debug|iPhone
		{C82C68D6-BABE-4E75-A621-4DF4B531E7C1}.Debug|ARM.Deploy.0 = Debug|iPhone
		{C82C68D6-BABE-4E75-A621-4DF4B531E7C1}.Debug|iPhone.ActiveCfg = Debug|iPhone
		{C82C68D6-BABE-4E75-A621-4DF4B531E7C1}.Debug|iPhone.Build.0 = Debug|iPhone
		{C82C68D6-BABE-4E75-A621-4DF4B531E7C1}.Debug|iPhone.Deploy.0 = Debug|iPhone
		{C82C68D6-BABE-4E75-A621-4DF4B531E7C1}.Debug|iPhoneSimulator.ActiveCfg = Debug|iPhoneSimulator
		{C82C68D6-BABE-4E75-A621-4DF4B531E7C1}.Debug|iPhoneSimulator.Build.0 = Debug|iPhoneSimulator
		{C82C68D6-BABE-4E75-A621-4DF4B531E7C1}.Debug|iPhoneSimulator.Deploy.0 = Debug|iPhoneSimulator
		{C82C68D6-BABE-4E75-A621-4DF4B531E7C1}.Debug|x64.ActiveCfg = Debug|iPhone
		{C82C68D6-BABE-4E75-A621-4DF4B531E7C1}.Debug|x64.Build.0 = Debug|iPhone
		{C82C68D6-BABE-4E75-A621-4DF4B531E7C1}.Debug|x64.Deploy.0 = Debug|iPhone
		{C82C68D6-BABE-4E75-A621-4DF4B531E7C1}.Debug|x86.ActiveCfg = Debug|iPhone
		{C82C68D6-BABE-4E75-A621-4DF4B531E7C1}.Debug|x86.Build.0 = Debug|iPhone
		{C82C68D6-BABE-4E75-A621-4DF4B531E7C1}.Debug|x86.Deploy.0 = Debug|iPhone
		{C82C68D6-BABE-4E75-A621-4DF4B531E7C1}.Release|Any CPU.ActiveCfg = Release|iPhone
		{C82C68D6-BABE-4E75-A621-4DF4B531E7C1}.Release|Any CPU.Build.0 = Release|iPhone
		{C82C68D6-BABE-4E75-A621-4DF4B531E7C1}.Release|Any CPU.Deploy.0 = Release|iPhone
		{C82C68D6-BABE-4E75-A621-4DF4B531E7C1}.Release|ARM.ActiveCfg = Release|iPhone
		{C82C68D6-BABE-4E75-A621-4DF4B531E7C1}.Release|ARM.Build.0 = Release|iPhone
		{C82C68D6-BABE-4E75-A621-4DF4B531E7C1}.Release|ARM.Deploy.0 = Release|iPhone
		{C82C68D6-BABE-4E75-A621-4DF4B531E7C1}.Release|iPhone.ActiveCfg = Release|iPhone
		{C82C68D6-BABE-4E75-A621-4DF4B531E7C1}.Release|iPhone.Build.0 = Release|iPhone
		{C82C68D6-BABE-4E75-A621-4DF4B531E7C1}.Release|iPhone.Deploy.0 = Release|iPhone
		{C82C68D6-BABE-4E75-A621-4DF4B531E7C1}.Release|iPhoneSimulator.ActiveCfg = Release|iPhoneSimulator
		{C82C68D6-BABE-4E75-A621-4DF4B531E7C1}.Release|iPhoneSimulator.Build.0 = Release|iPhoneSimulator
		{C82C68D6-BABE-4E75-A621-4DF4B531E7C1}.Release|iPhoneSimulator.Deploy.0 = Release|iPhoneSimulator
		{C82C68D6-BABE-4E75-A621-4DF4B531E7C1}.Release|x64.ActiveCfg = Release|iPhone
		{C82C68D6-BABE-4E75-A621-4DF4B531E7C1}.Release|x64.Build.0 = Release|iPhone
		{C82C68D6-BABE-4E75-A621-4DF4B531E7C1}.Release|x64.Deploy.0 = Release|iPhone
		{C82C68D6-BABE-4E75-A621-4DF4B531E7C1}.Release|x86.ActiveCfg = Release|iPhone
		{C82C68D6-BABE-4E75-A621-4DF4B531E7C1}.Release|x86.Build.0 = Release|iPhone
		{C82C68D6-BABE-4E75-A621-4DF4B531E7C1}.Release|x86.Deploy.0 = Release|iPhone
		{7AADB787-1E34-4976-9F1D-1107E47D87F1}.Ad-Hoc|Any CPU.ActiveCfg = Release|x86
		{7AADB787-1E34-4976-9F1D-1107E47D87F1}.Ad-Hoc|Any CPU.Build.0 = Release|x86
		{7AADB787-1E34-4976-9F1D-1107E47D87F1}.Ad-Hoc|Any CPU.Deploy.0 = Release|x86
		{7AADB787-1E34-4976-9F1D-1107E47D87F1}.Ad-Hoc|ARM.ActiveCfg = Release|ARM
		{7AADB787-1E34-4976-9F1D-1107E47D87F1}.Ad-Hoc|ARM.Build.0 = Release|ARM
		{7AADB787-1E34-4976-9F1D-1107E47D87F1}.Ad-Hoc|ARM.Deploy.0 = Release|ARM
		{7AADB787-1E34-4976-9F1D-1107E47D87F1}.Ad-Hoc|iPhone.ActiveCfg = Release|x86
		{7AADB787-1E34-4976-9F1D-1107E47D87F1}.Ad-Hoc|iPhone.Build.0 = Release|x86
		{7AADB787-1E34-4976-9F1D-1107E47D87F1}.Ad-Hoc|iPhone.Deploy.0 = Release|x86
		{7AADB787-1E34-4976-9F1D-1107E47D87F1}.Ad-Hoc|iPhoneSimulator.ActiveCfg = Release|x86
		{7AADB787-1E34-4976-9F1D-1107E47D87F1}.Ad-Hoc|iPhoneSimulator.Build.0 = Release|x86
		{7AADB787-1E34-4976-9F1D-1107E47D87F1}.Ad-Hoc|iPhoneSimulator.Deploy.0 = Release|x86
		{7AADB787-1E34-4976-9F1D-1107E47D87F1}.Ad-Hoc|x64.ActiveCfg = Release|x64
		{7AADB787-1E34-4976-9F1D-1107E47D87F1}.Ad-Hoc|x64.Build.0 = Release|x64
		{7AADB787-1E34-4976-9F1D-1107E47D87F1}.Ad-Hoc|x64.Deploy.0 = Release|x64
		{7AADB787-1E34-4976-9F1D-1107E47D87F1}.Ad-Hoc|x86.ActiveCfg = Release|x86
		{7AADB787-1E34-4976-9F1D-1107E47D87F1}.Ad-Hoc|x86.Build.0 = Release|x86
		{7AADB787-1E34-4976-9F1D-1107E47D87F1}.Ad-Hoc|x86.Deploy.0 = Release|x86
		{7AADB787-1E34-4976-9F1D-1107E47D87F1}.AppStore|Any CPU.ActiveCfg = Release|x86
		{7AADB787-1E34-4976-9F1D-1107E47D87F1}.AppStore|Any CPU.Build.0 = Release|x86
		{7AADB787-1E34-4976-9F1D-1107E47D87F1}.AppStore|Any CPU.Deploy.0 = Release|x86
		{7AADB787-1E34-4976-9F1D-1107E47D87F1}.AppStore|ARM.ActiveCfg = Release|ARM
		{7AADB787-1E34-4976-9F1D-1107E47D87F1}.AppStore|ARM.Build.0 = Release|ARM
		{7AADB787-1E34-4976-9F1D-1107E47D87F1}.AppStore|ARM.Deploy.0 = Release|ARM
		{7AADB787-1E34-4976-9F1D-1107E47D87F1}.AppStore|iPhone.ActiveCfg = Release|x86
		{7AADB787-1E34-4976-9F1D-1107E47D87F1}.AppStore|iPhone.Build.0 = Release|x86
		{7AADB787-1E34-4976-9F1D-1107E47D87F1}.AppStore|iPhone.Deploy.0 = Release|x86
		{7AADB787-1E34-4976-9F1D-1107E47D87F1}.AppStore|iPhoneSimulator.ActiveCfg = Release|x86
		{7AADB787-1E34-4976-9F1D-1107E47D87F1}.AppStore|iPhoneSimulator.Build.0 = Release|x86
		{7AADB787-1E34-4976-9F1D-1107E47D87F1}.AppStore|iPhoneSimulator.Deploy.0 = Release|x86
		{7AADB787-1E34-4976-9F1D-1107E47D87F1}.AppStore|x64.ActiveCfg = Release|x64
		{7AADB787-1E34-4976-9F1D-1107E47D87F1}.AppStore|x64.Build.0 = Release|x64
		{7AADB787-1E34-4976-9F1D-1107E47D87F1}.AppStore|x64.Deploy.0 = Release|x64
		{7AADB787-1E34-4976-9F1D-1107E47D87F1}.AppStore|x86.ActiveCfg = Release|x86
		{7AADB787-1E34-4976-9F1D-1107E47D87F1}.AppStore|x86.Build.0 = Release|x86
		{7AADB787-1E34-4976-9F1D-1107E47D87F1}.AppStore|x86.Deploy.0 = Release|x86
		{7AADB787-1E34-4976-9F1D-1107E47D87F1}.Debug|Any CPU.ActiveCfg = Debug|x86
		{7AADB787-1E34-4976-9F1D-1107E47D87F1}.Debug|Any CPU.Build.0 = Debug|x86
		{7AADB787-1E34-4976-9F1D-1107E47D87F1}.Debug|Any CPU.Deploy.0 = Debug|x86
		{7AADB787-1E34-4976-9F1D-1107E47D87F1}.Debug|ARM.ActiveCfg = Debug|ARM
		{7AADB787-1E34-4976-9F1D-1107E47D87F1}.Debug|ARM.Build.0 = Debug|ARM
		{7AADB787-1E34-4976-9F1D-1107E47D87F1}.Debug|ARM.Deploy.0 = Debug|ARM
		{7AADB787-1E34-4976-9F1D-1107E47D87F1}.Debug|iPhone.ActiveCfg = Debug|x86
		{7AADB787-1E34-4976-9F1D-1107E47D87F1}.Debug|iPhone.Build.0 = Debug|x86
		{7AADB787-1E34-4976-9F1D-1107E47D87F1}.Debug|iPhone.Deploy.0 = Debug|x86
		{7AADB787-1E34-4976-9F1D-1107E47D87F1}.Debug|iPhoneSimulator.ActiveCfg = Debug|x86
		{7AADB787-1E34-4976-9F1D-1107E47D87F1}.Debug|iPhoneSimulator.Build.0 = Debug|x86
		{7AADB787-1E34-4976-9F1D-1107E47D87F1}.Debug|iPhoneSimulator.Deploy.0 = Debug|x86
		{7AADB787-1E34-4976-9F1D-1107E47D87F1}.Debug|x64.ActiveCfg = Debug|x64
		{7AADB787-1E34-4976-9F1D-1107E47D87F1}.Debug|x64.Build.0 = Debug|x64
		{7AADB787-1E34-4976-9F1D-1107E47D87F1}.Debug|x64.Deploy.0 = Debug|x64
		{7AADB787-1E34-4976-9F1D-1107E47D87F1}.Debug|x86.ActiveCfg = Debug|x86
		{7AADB787-1E34-4976-9F1D-1107E47D87F1}.Debug|x86.Build.0 = Debug|x86
		{7AADB787-1E34-4976-9F1D-1107E47D87F1}.Debug|x86.Deploy.0 = Debug|x86
		{7AADB787-1E34-4976-9F1D-1107E47D87F1}.Release|Any CPU.ActiveCfg = Release|x86
		{7AADB787-1E34-4976-9F1D-1107E47D87F1}.Release|Any CPU.Build.0 = Release|x86
		{7AADB787-1E34-4976-9F1D-1107E47D87F1}.Release|Any CPU.Deploy.0 = Release|x86
		{7AADB787-1E34-4976-9F1D-1107E47D87F1}.Release|ARM.ActiveCfg = Release|ARM
		{7AADB787-1E34-4976-9F1D-1107E47D87F1}.Release|ARM.Build.0 = Release|ARM
		{7AADB787-1E34-4976-9F1D-1107E47D87F1}.Release|ARM.Deploy.0 = Release|ARM
		{7AADB787-1E34-4976-9F1D-1107E47D87F1}.Release|iPhone.ActiveCfg = Release|x86
		{7AADB787-1E34-4976-9F1D-1107E47D87F1}.Release|iPhone.Build.0 = Release|x86
		{7AADB787-1E34-4976-9F1D-1107E47D87F1}.Release|iPhone.Deploy.0 = Release|x86
		{7AADB787-1E34-4976-9F1D-1107E47D87F1}.Release|iPhoneSimulator.ActiveCfg = Release|x86
		{7AADB787-1E34-4976-9F1D-1107E47D87F1}.Release|iPhoneSimulator.Build.0 = Release|x86
		{7AADB787-1E34-4976-9F1D-1107E47D87F1}.Release|iPhoneSimulator.Deploy.0 = Release|x86
		{7AADB787-1E34-4976-9F1D-1107E47D87F1}.Release|x64.ActiveCfg = Release|x64
		{7AADB787-1E34-4976-9F1D-1107E47D87F1}.Release|x64.Build.0 = Release|x64
		{7AADB787-1E34-4976-9F1D-1107E47D87F1}.Release|x64.Deploy.0 = Release|x64
		{7AADB787-1E34-4976-9F1D-1107E47D87F1}.Release|x86.ActiveCfg = Release|x86
		{7AADB787-1E34-4976-9F1D-1107E47D87F1}.Release|x86.Build.0 = Release|x86
		{7AADB787-1E34-4976-9F1D-1107E47D87F1}.Release|x86.Deploy.0 = Release|x86
		{D49E0125-42F9-45B5-9091-8E3BA98B98DC}.Ad-Hoc|Any CPU.ActiveCfg = Debug|Any CPU
		{D49E0125-42F9-45B5-9091-8E3BA98B98DC}.Ad-Hoc|Any CPU.Build.0 = Debug|Any CPU
		{D49E0125-42F9-45B5-9091-8E3BA98B98DC}.Ad-Hoc|Any CPU.Deploy.0 = Debug|Any CPU
		{D49E0125-42F9-45B5-9091-8E3BA98B98DC}.Ad-Hoc|ARM.ActiveCfg = Debug|Any CPU
		{D49E0125-42F9-45B5-9091-8E3BA98B98DC}.Ad-Hoc|ARM.Build.0 = Debug|Any CPU
		{D49E0125-42F9-45B5-9091-8E3BA98B98DC}.Ad-Hoc|ARM.Deploy.0 = Debug|Any CPU
		{D49E0125-42F9-45B5-9091-8E3BA98B98DC}.Ad-Hoc|iPhone.ActiveCfg = Debug|Any CPU
		{D49E0125-42F9-45B5-9091-8E3BA98B98DC}.Ad-Hoc|iPhone.Build.0 = Debug|Any CPU
		{D49E0125-42F9-45B5-9091-8E3BA98B98DC}.Ad-Hoc|iPhone.Deploy.0 = Debug|Any CPU
		{D49E0125-42F9-45B5-9091-8E3BA98B98DC}.Ad-Hoc|iPhoneSimulator.ActiveCfg = Debug|Any CPU
		{D49E0125-42F9-45B5-9091-8E3BA98B98DC}.Ad-Hoc|iPhoneSimulator.Build.0 = Debug|Any CPU
		{D49E0125-42F9-45B5-9091-8E3BA98B98DC}.Ad-Hoc|iPhoneSimulator.Deploy.0 = Debug|Any CPU
		{D49E0125-42F9-45B5-9091-8E3BA98B98DC}.Ad-Hoc|x64.ActiveCfg = Debug|Any CPU
		{D49E0125-42F9-45B5-9091-8E3BA98B98DC}.Ad-Hoc|x64.Build.0 = Debug|Any CPU
		{D49E0125-42F9-45B5-9091-8E3BA98B98DC}.Ad-Hoc|x64.Deploy.0 = Debug|Any CPU
		{D49E0125-42F9-45B5-9091-8E3BA98B98DC}.Ad-Hoc|x86.ActiveCfg = Debug|Any CPU
		{D49E0125-42F9-45B5-9091-8E3BA98B98DC}.Ad-Hoc|x86.Build.0 = Debug|Any CPU
		{D49E0125-42F9-45B5-9091-8E3BA98B98DC}.Ad-Hoc|x86.Deploy.0 = Debug|Any CPU
		{D49E0125-42F9-45B5-9091-8E3BA98B98DC}.AppStore|Any CPU.ActiveCfg = Debug|Any CPU
		{D49E0125-42F9-45B5-9091-8E3BA98B98DC}.AppStore|Any CPU.Build.0 = Debug|Any CPU
		{D49E0125-42F9-45B5-9091-8E3BA98B98DC}.AppStore|Any CPU.Deploy.0 = Debug|Any CPU
		{D49E0125-42F9-45B5-9091-8E3BA98B98DC}.AppStore|ARM.ActiveCfg = Debug|Any CPU
		{D49E0125-42F9-45B5-9091-8E3BA98B98DC}.AppStore|ARM.Build.0 = Debug|Any CPU
		{D49E0125-42F9-45B5-9091-8E3BA98B98DC}.AppStore|ARM.Deploy.0 = Debug|Any CPU
		{D49E0125-42F9-45B5-9091-8E3BA98B98DC}.AppStore|iPhone.ActiveCfg = Debug|Any CPU
		{D49E0125-42F9-45B5-9091-8E3BA98B98DC}.AppStore|iPhone.Build.0 = Debug|Any CPU
		{D49E0125-42F9-45B5-9091-8E3BA98B98DC}.AppStore|iPhone.Deploy.0 = Debug|Any CPU
		{D49E0125-42F9-45B5-9091-8E3BA98B98DC}.AppStore|iPhoneSimulator.ActiveCfg = Debug|Any CPU
		{D49E0125-42F9-45B5-9091-8E3BA98B98DC}.AppStore|iPhoneSimulator.Build.0 = Debug|Any CPU
		{D49E0125-42F9-45B5-9091-8E3BA98B98DC}.AppStore|iPhoneSimulator.Deploy.0 = Debug|Any CPU
		{D49E0125-42F9-45B5-9091-8E3BA98B98DC}.AppStore|x64.ActiveCfg = Debug|Any CPU
		{D49E0125-42F9-45B5-9091-8E3BA98B98DC}.AppStore|x64.Build.0 = Debug|Any CPU
		{D49E0125-42F9-45B5-9091-8E3BA98B98DC}.AppStore|x64.Deploy.0 = Debug|Any CPU
		{D49E0125-42F9-45B5-9091-8E3BA98B98DC}.AppStore|x86.ActiveCfg = Debug|Any CPU
		{D49E0125-42F9-45B5-9091-8E3BA98B98DC}.AppStore|x86.Build.0 = Debug|Any CPU
		{D49E0125-42F9-45B5-9091-8E3BA98B98DC}.AppStore|x86.Deploy.0 = Debug|Any CPU
		{D49E0125-42F9-45B5-9091-8E3BA98B98DC}.Debug|Any CPU.ActiveCfg = Debug|Any CPU
		{D49E0125-42F9-45B5-9091-8E3BA98B98DC}.Debug|Any CPU.Build.0 = Debug|Any CPU
		{D49E0125-42F9-45B5-9091-8E3BA98B98DC}.Debug|Any CPU.Deploy.0 = Debug|Any CPU
		{D49E0125-42F9-45B5-9091-8E3BA98B98DC}.Debug|ARM.ActiveCfg = Debug|Any CPU
		{D49E0125-42F9-45B5-9091-8E3BA98B98DC}.Debug|ARM.Build.0 = Debug|Any CPU
		{D49E0125-42F9-45B5-9091-8E3BA98B98DC}.Debug|ARM.Deploy.0 = Debug|Any CPU
		{D49E0125-42F9-45B5-9091-8E3BA98B98DC}.Debug|iPhone.ActiveCfg = Debug|Any CPU
		{D49E0125-42F9-45B5-9091-8E3BA98B98DC}.Debug|iPhone.Build.0 = Debug|Any CPU
		{D49E0125-42F9-45B5-9091-8E3BA98B98DC}.Debug|iPhone.Deploy.0 = Debug|Any CPU
		{D49E0125-42F9-45B5-9091-8E3BA98B98DC}.Debug|iPhoneSimulator.ActiveCfg = Debug|Any CPU
		{D49E0125-42F9-45B5-9091-8E3BA98B98DC}.Debug|iPhoneSimulator.Build.0 = Debug|Any CPU
		{D49E0125-42F9-45B5-9091-8E3BA98B98DC}.Debug|iPhoneSimulator.Deploy.0 = Debug|Any CPU
		{D49E0125-42F9-45B5-9091-8E3BA98B98DC}.Debug|x64.ActiveCfg = Debug|Any CPU
		{D49E0125-42F9-45B5-9091-8E3BA98B98DC}.Debug|x64.Build.0 = Debug|Any CPU
		{D49E0125-42F9-45B5-9091-8E3BA98B98DC}.Debug|x64.Deploy.0 = Debug|Any CPU
		{D49E0125-42F9-45B5-9091-8E3BA98B98DC}.Debug|x86.ActiveCfg = Debug|Any CPU
		{D49E0125-42F9-45B5-9091-8E3BA98B98DC}.Debug|x86.Build.0 = Debug|Any CPU
		{D49E0125-42F9-45B5-9091-8E3BA98B98DC}.Debug|x86.Deploy.0 = Debug|Any CPU
		{D49E0125-42F9-45B5-9091-8E3BA98B98DC}.Release|Any CPU.ActiveCfg = Release|Any CPU
		{D49E0125-42F9-45B5-9091-8E3BA98B98DC}.Release|Any CPU.Build.0 = Release|Any CPU
		{D49E0125-42F9-45B5-9091-8E3BA98B98DC}.Release|Any CPU.Deploy.0 = Release|Any CPU
		{D49E0125-42F9-45B5-9091-8E3BA98B98DC}.Release|ARM.ActiveCfg = Release|Any CPU
		{D49E0125-42F9-45B5-9091-8E3BA98B98DC}.Release|ARM.Build.0 = Release|Any CPU
		{D49E0125-42F9-45B5-9091-8E3BA98B98DC}.Release|ARM.Deploy.0 = Release|Any CPU
		{D49E0125-42F9-45B5-9091-8E3BA98B98DC}.Release|iPhone.ActiveCfg = Release|Any CPU
		{D49E0125-42F9-45B5-9091-8E3BA98B98DC}.Release|iPhone.Build.0 = Release|Any CPU
		{D49E0125-42F9-45B5-9091-8E3BA98B98DC}.Release|iPhone.Deploy.0 = Release|Any CPU
		{D49E0125-42F9-45B5-9091-8E3BA98B98DC}.Release|iPhoneSimulator.ActiveCfg = Release|Any CPU
		{D49E0125-42F9-45B5-9091-8E3BA98B98DC}.Release|iPhoneSimulator.Build.0 = Release|Any CPU
		{D49E0125-42F9-45B5-9091-8E3BA98B98DC}.Release|iPhoneSimulator.Deploy.0 = Release|Any CPU
		{D49E0125-42F9-45B5-9091-8E3BA98B98DC}.Release|x64.ActiveCfg = Release|Any CPU
		{D49E0125-42F9-45B5-9091-8E3BA98B98DC}.Release|x64.Build.0 = Release|Any CPU
		{D49E0125-42F9-45B5-9091-8E3BA98B98DC}.Release|x64.Deploy.0 = Release|Any CPU
		{D49E0125-42F9-45B5-9091-8E3BA98B98DC}.Release|x86.ActiveCfg = Release|Any CPU
		{D49E0125-42F9-45B5-9091-8E3BA98B98DC}.Release|x86.Build.0 = Release|Any CPU
		{D49E0125-42F9-45B5-9091-8E3BA98B98DC}.Release|x86.Deploy.0 = Release|Any CPU
	EndGlobalSection
	GlobalSection(SolutionProperties) = preSolution
		HideSolutionNode = FALSE
	EndGlobalSection
	GlobalSection(NestedProjects) = preSolution
		{FCFD518E-9DCD-47E6-941D-FACA99B56F11} = {BAD36272-3309-4942-85F2-388AEECE1483}
		{C82C68D6-BABE-4E75-A621-4DF4B531E7C1} = {BAD36272-3309-4942-85F2-388AEECE1483}
		{7AADB787-1E34-4976-9F1D-1107E47D87F1} = {BAD36272-3309-4942-85F2-388AEECE1483}
		{D49E0125-42F9-45B5-9091-8E3BA98B98DC} = {BAD36272-3309-4942-85F2-388AEECE1483}
	EndGlobalSection
	GlobalSection(ExtensibilityGlobals) = postSolution
		SolutionGuid = {05711573-7159-43A6-9FC8-368DFBE38494}
	EndGlobalSection
EndGlobal
